PODS:
  - Alamofire (4.8.1)
  - AsistaCore (0.2.0):
    - Alamofire
  - AsistaUI (0.2.0):
    - AsistaCore (~> 0.2.0)
    - Eureka
    - IHProgressHUD
  - Eureka (4.3.1)
  - IHProgressHUD (0.1.4)
  - IQKeyboardManagerSwift (6.2.0)

DEPENDENCIES:
  - AsistaUI
  - IQKeyboardManagerSwift

SPEC REPOS:
  https://github.com/cocoapods/specs.git:
    - Alamofire
    - AsistaCore
    - AsistaUI
    - Eureka
    - IHProgressHUD
    - IQKeyboardManagerSwift

SPEC CHECKSUMS:
  Alamofire: 16ce2c353fb72865124ddae8a57c5942388f4f11
  AsistaCore: 1271223ebed22d4e65fb7846d49436841e60f0f6
  AsistaUI: 1cbf9dc439fd5a93cf23ad747f9d848065722d78
  Eureka: 28ea296f06710f6745266b71f17862048941a32d
  IHProgressHUD: a01846bfbb581c761c79747c67b08387c3bdfae3
  IQKeyboardManagerSwift: b07ccf9d8cafe993dcd6cb794eb4ba34611a0c4e

PODFILE CHECKSUM: c20037e300f4c3ac6ff2b6cde23d3490a7a2ae4c

COCOAPODS: 1.6.1
